
Microsoft Visual Studio Solution File, Format Version 12.00
# Visual Studio 15
VisualStudioVersion = 15.0.27428.2027
MinimumVisualStudioVersion = 10.0.40219.1
Project("{FAE04EC0-301F-11D3-BF4B-00C04F79EFBC}") = "倒表工具", "倒表工具\倒表工具.csproj", "{CEC4AB87-F345-4338-898E-900FA94AA89D}"
EndProject
Global
	GlobalSection(SolutionConfigurationPlatforms) = preSolution
		Debug|Any CPU = Debug|Any CPU
		Release|Any CPU = Release|Any CPU
	EndGlobalSection
	GlobalSection(ProjectConfigurationPlatforms) = postSolution
		{CEC4AB87-F345-4338-898E-900FA94AA89D}.Debug|Any CPU.ActiveCfg = Debug|Any CPU
		{CEC4AB87-F345-4338-898E-900FA94AA89D}.Debug|Any CPU.Build.0 = Debug|Any CPU
		{CEC4AB87-F345-4338-898E-900FA94AA89D}.Release|Any CPU.ActiveCfg = Release|Any CPU
		{CEC4AB87-F345-4338-898E-900FA94AA89D}.Release|Any CPU.Build.0 = Release|Any CPU
	EndGlobalSection
	GlobalSection(SolutionProperties) = preSolution
		HideSolutionNode = FALSE
	EndGlobalSection
	GlobalSection(ExtensibilityGlobals) = postSolution
		SolutionGuid = {6B1F3254-D27C-40C8-AEF4-25D6234FE1E4}
	EndGlobalSection
EndGlobal
